
Microsoft Visual Studio Solution File, Format Version 12.00
# Visual Studio Version 17
VisualStudioVersion = 17.8.34330.188
MinimumVisualStudioVersion = 10.0.40219.1
Project("{FAE04EC0-301F-11D3-BF4B-00C04F79EFBC}") = "BlogPost_API", "BlogPost_API\BlogPost_API.csproj", "{FF944F1F-FC30-4CEA-8930-F9898993F5B5}"
EndProject
Global
	GlobalSection(SolutionConfigurationPlatforms) = preSolution
		Debug|Any CPU = Debug|Any CPU
		Release|Any CPU = Release|Any CPU
	EndGlobalSection
	GlobalSection(ProjectConfigurationPlatforms) = postSolution
		{FF944F1F-FC30-4CEA-8930-F9898993F5B5}.Debug|Any CPU.ActiveCfg = Debug|Any CPU
		{FF944F1F-FC30-4CEA-8930-F9898993F5B5}.Debug|Any CPU.Build.0 = Debug|Any CPU
		{FF944F1F-FC30-4CEA-8930-F9898993F5B5}.Release|Any CPU.ActiveCfg = Release|Any CPU
		{FF944F1F-FC30-4CEA-8930-F9898993F5B5}.Release|Any CPU.Build.0 = Release|Any CPU
	EndGlobalSection
	GlobalSection(SolutionProperties) = preSolution
		HideSolutionNode = FALSE
	EndGlobalSection
	GlobalSection(ExtensibilityGlobals) = postSolution
		SolutionGuid = {63D4D5ED-B300-4582-AB7D-4614C62F1C1A}
	EndGlobalSection
EndGlobal
